
Microsoft Visual Studio Solution File, Format Version 12.00
# Visual Studio Version 16
VisualStudioVersion = 16.0.32002.261
MinimumVisualStudioVersion = 10.0.40219.1
Project("{FAE04EC0-301F-11D3-BF4B-00C04F79EFBC}") = "Business", "UrlShortener\Business\Business.csproj", "{C8328381-D007-46C2-91FB-B10ABBF6E740}"
EndProject
Project("{FAE04EC0-301F-11D3-BF4B-00C04F79EFBC}") = "Core", "UrlShortener\Core\Core.csproj", "{E34A5F7E-B193-4741-B2A8-831F8F157820}"
EndProject
Project("{FAE04EC0-301F-11D3-BF4B-00C04F79EFBC}") = "DataAccess", "UrlShortener\DataAccess\DataAccess.csproj", "{A661D687-36A2-42E2-BBF4-04B0C42C32E2}"
EndProject
Project("{FAE04EC0-301F-11D3-BF4B-00C04F79EFBC}") = "Entities", "UrlShortener\Entities\Entities.csproj", "{B7D14F31-D26D-402C-AFCB-36A7FCFFF11B}"
EndProject
Project("{FAE04EC0-301F-11D3-BF4B-00C04F79EFBC}") = "WebAPI", "UrlShortener\WebAPI\WebAPI.csproj", "{AA99FBEE-4B8A-4E8A-8F24-9C3611CA5174}"
EndProject
Project("{FAE04EC0-301F-11D3-BF4B-00C04F79EFBC}") = "AngularUI", "AngularUI\AngularUI.csproj", "{4450E3B0-BBF8-443D-9EEB-20650CC7FE2A}"
EndProject
Global
	GlobalSection(SolutionConfigurationPlatforms) = preSolution
		Debug|Any CPU = Debug|Any CPU
		Release|Any CPU = Release|Any CPU
	EndGlobalSection
	GlobalSection(ProjectConfigurationPlatforms) = postSolution
		{C8328381-D007-46C2-91FB-B10ABBF6E740}.Debug|Any CPU.ActiveCfg = Debug|Any CPU
		{C8328381-D007-46C2-91FB-B10ABBF6E740}.Debug|Any CPU.Build.0 = Debug|Any CPU
		{C8328381-D007-46C2-91FB-B10ABBF6E740}.Release|Any CPU.ActiveCfg = Release|Any CPU
		{C8328381-D007-46C2-91FB-B10ABBF6E740}.Release|Any CPU.Build.0 = Release|Any CPU
		{E34A5F7E-B193-4741-B2A8-831F8F157820}.Debug|Any CPU.ActiveCfg = Debug|Any CPU
		{E34A5F7E-B193-4741-B2A8-831F8F157820}.Debug|Any CPU.Build.0 = Debug|Any CPU
		{E34A5F7E-B193-4741-B2A8-831F8F157820}.Release|Any CPU.ActiveCfg = Release|Any CPU
		{E34A5F7E-B193-4741-B2A8-831F8F157820}.Release|Any CPU.Build.0 = Release|Any CPU
		{A661D687-36A2-42E2-BBF4-04B0C42C32E2}.Debug|Any CPU.ActiveCfg = Debug|Any CPU
		{A661D687-36A2-42E2-BBF4-04B0C42C32E2}.Debug|Any CPU.Build.0 = Debug|Any CPU
		{A661D687-36A2-42E2-BBF4-04B0C42C32E2}.Release|Any CPU.ActiveCfg = Release|Any CPU
		{A661D687-36A2-42E2-BBF4-04B0C42C32E2}.Release|Any CPU.Build.0 = Release|Any CPU
		{B7D14F31-D26D-402C-AFCB-36A7FCFFF11B}.Debug|Any CPU.ActiveCfg = Debug|Any CPU
		{B7D14F31-D26D-402C-AFCB-36A7FCFFF11B}.Debug|Any CPU.Build.0 = Debug|Any CPU
		{B7D14F31-D26D-402C-AFCB-36A7FCFFF11B}.Release|Any CPU.ActiveCfg = Release|Any CPU
		{B7D14F31-D26D-402C-AFCB-36A7FCFFF11B}.Release|Any CPU.Build.0 = Release|Any CPU
		{AA99FBEE-4B8A-4E8A-8F24-9C3611CA5174}.Debug|Any CPU.ActiveCfg = Debug|Any CPU
		{AA99FBEE-4B8A-4E8A-8F24-9C3611CA5174}.Debug|Any CPU.Build.0 = Debug|Any CPU
		{AA99FBEE-4B8A-4E8A-8F24-9C3611CA5174}.Release|Any CPU.ActiveCfg = Release|Any CPU
		{AA99FBEE-4B8A-4E8A-8F24-9C3611CA5174}.Release|Any CPU.Build.0 = Release|Any CPU
		{4450E3B0-BBF8-443D-9EEB-20650CC7FE2A}.Debug|Any CPU.ActiveCfg = Debug|Any CPU
		{4450E3B0-BBF8-443D-9EEB-20650CC7FE2A}.Debug|Any CPU.Build.0 = Debug|Any CPU
		{4450E3B0-BBF8-443D-9EEB-20650CC7FE2A}.Release|Any CPU.ActiveCfg = Release|Any CPU
		{4450E3B0-BBF8-443D-9EEB-20650CC7FE2A}.Release|Any CPU.Build.0 = Release|Any CPU
	EndGlobalSection
	GlobalSection(SolutionProperties) = preSolution
		HideSolutionNode = FALSE
	EndGlobalSection
	GlobalSection(ExtensibilityGlobals) = postSolution
		SolutionGuid = {1AC3A343-44B3-4C24-9140-B3A66EE5BABE}
	EndGlobalSection
EndGlobal
